
Microsoft Visual Studio Solution File, Format Version 12.00
# Visual Studio 15
VisualStudioVersion = 15.0.27703.2042
MinimumVisualStudioVersion = 10.0.40219.1
Project("{FAE04EC0-301F-11D3-BF4B-00C04F79EFBC}") = "Tree1_4", "Tree1_4\Tree1_4.csproj", "{37E921A1-953A-40A9-B1AF-A3C4121BB181}"
EndProject
Global
	GlobalSection(SolutionConfigurationPlatforms) = preSolution
		Debug|Any CPU = Debug|Any CPU
		Release|Any CPU = Release|Any CPU
	EndGlobalSection
	GlobalSection(ProjectConfigurationPlatforms) = postSolution
		{37E921A1-953A-40A9-B1AF-A3C4121BB181}.Debug|Any CPU.ActiveCfg = Debug|Any CPU
		{37E921A1-953A-40A9-B1AF-A3C4121BB181}.Debug|Any CPU.Build.0 = Debug|Any CPU
		{37E921A1-953A-40A9-B1AF-A3C4121BB181}.Release|Any CPU.ActiveCfg = Release|Any CPU
		{37E921A1-953A-40A9-B1AF-A3C4121BB181}.Release|Any CPU.Build.0 = Release|Any CPU
	EndGlobalSection
	GlobalSection(SolutionProperties) = preSolution
		HideSolutionNode = FALSE
	EndGlobalSection
	GlobalSection(ExtensibilityGlobals) = postSolution
		SolutionGuid = {30CAB369-31B1-46DA-A7E6-AC3A373B9792}
	EndGlobalSection
EndGlobal
